// !$*UTF8*$!
{
	archiveVersion = 1;
	classes = {
	};
	objectVersion = 46;
	objects = {

/* Begin PBXBuildFile section */
		756DDF0B8D555C2E662FC54B /* Pods_Ipsma3.framework in Frameworks */ = {isa = PBXBuildFile; fileRef = 2EA5C1A6462B6798D2049D64 /* Pods_Ipsma3.framework */; };
		C62165C11D5854550036035F /* GoogleSignIn.swift in Sources */ = {isa = PBXBuildFile; fileRef = C62165C01D5854550036035F /* GoogleSignIn.swift */; };
		C62165C31D590C980036035F /* UserData.swift in Sources */ = {isa = PBXBuildFile; fileRef = C62165C21D590C980036035F /* UserData.swift */; };
		C62165C71D5A4AEA0036035F /* InvitationViewController.swift in Sources */ = {isa = PBXBuildFile; fileRef = C62165C61D5A4AEA0036035F /* InvitationViewController.swift */; };
		C66D33271D56C2C600AA922C /* GoogleService-Info.plist in Resources */ = {isa = PBXBuildFile; fileRef = C66D33261D56C2C600AA922C /* GoogleService-Info.plist */; };
		C66D332A1D57B7F100AA922C /* IpsmaMFile.m in Sources */ = {isa = PBXBuildFile; fileRef = C66D33291D57B7F100AA922C /* IpsmaMFile.m */; };
		C6F434C71D51C126007AA603 /* AppDelegate.swift in Sources */ = {isa = PBXBuildFile; fileRef = C6F434C61D51C126007AA603 /* AppDelegate.swift */; };
		C6F434C91D51C126007AA603 /* ViewController.swift in Sources */ = {isa = PBXBuildFile; fileRef = C6F434C81D51C126007AA603 /* ViewController.swift */; };
		C6F434CC1D51C126007AA603 /* Main.storyboard in Resources */ = {isa = PBXBuildFile; fileRef = C6F434CA1D51C126007AA603 /* Main.storyboard */; };
		C6F434CE1D51C126007AA603 /* Assets.xcassets in Resources */ = {isa = PBXBuildFile; fileRef = C6F434CD1D51C126007AA603 /* Assets.xcassets */; };
		C6F434D11D51C126007AA603 /* LaunchScreen.storyboard in Resources */ = {isa = PBXBuildFile; fileRef = C6F434CF1D51C126007AA603 /* LaunchScreen.storyboard */; };
		C6F434DC1D51C126007AA603 /* Ipsma3Tests.swift in Sources */ = {isa = PBXBuildFile; fileRef = C6F434DB1D51C126007AA603 /* Ipsma3Tests.swift */; };
		C6F434E71D51C126007AA603 /* Ipsma3UITests.swift in Sources */ = {isa = PBXBuildFile; fileRef = C6F434E61D51C126007AA603 /* Ipsma3UITests.swift */; };
		C6F434F51D51C2F0007AA603 /* CoreLocation.framework in Frameworks */ = {isa = PBXBuildFile; fileRef = C6F434F41D51C2F0007AA603 /* CoreLocation.framework */; };
		C6F434F71D51C2F8007AA603 /* MapKit.framework in Frameworks */ = {isa = PBXBuildFile; fileRef = C6F434F61D51C2F8007AA603 /* MapKit.framework */; };
		C6F434F91D51DCE0007AA603 /* America.gpx in Resources */ = {isa = PBXBuildFile; fileRef = C6F434F81D51DCE0007AA603 /* America.gpx */; };
		C6F434FB1D525D36007AA603 /* LocationSearchTable.swift in Sources */ = {isa = PBXBuildFile; fileRef = C6F434FA1D525D36007AA603 /* LocationSearchTable.swift */; };
/* End PBXBuildFile section */

/* Begin PBXContainerItemProxy section */
		C6F434D81D51C126007AA603 /* PBXContainerItemProxy */ = {
			isa = PBXContainerItemProxy;
			containerPortal = C6F434BB1D51C126007AA603 /* Project object */;
			proxyType = 1;
			remoteGlobalIDString = C6F434C21D51C126007AA603;
			remoteInfo = Ipsma3;
		};
		C6F434E31D51C126007AA603 /* PBXContainerItemProxy */ = {
			isa = PBXContainerItemProxy;
			containerPortal = C6F434BB1D51C126007AA603 /* Project object */;
			proxyType = 1;
			remoteGlobalIDString = C6F434C21D51C126007AA603;
			remoteInfo = Ipsma3;
		};
/* End PBXContainerItemProxy section */

/* Begin PBXFileReference section */
		1823AA79B7EC4A06F1507AEE /* Pods-Ipsma3.release.xcconfig */ = {isa = PBXFileReference; includeInIndex = 1; lastKnownFileType = text.xcconfig; name = "Pods-Ipsma3.release.xcconfig"; path = "Pods/Target Support Files/Pods-Ipsma3/Pods-Ipsma3.release.xcconfig"; sourceTree = "<group>"; };
		2EA5C1A6462B6798D2049D64 /* Pods_Ipsma3.framework */ = {isa = PBXFileReference; explicitFileType = wrapper.framework; includeInIndex = 0; path = Pods_Ipsma3.framework; sourceTree = BUILT_PRODUCTS_DIR; };
		5BB4F898D97EDB76F79EC126 /* Pods-Ipsma3.debug.xcconfig */ = {isa = PBXFileReference; includeInIndex = 1; lastKnownFileType = text.xcconfig; name = "Pods-Ipsma3.debug.xcconfig"; path = "Pods/Target Support Files/Pods-Ipsma3/Pods-Ipsma3.debug.xcconfig"; sourceTree = "<group>"; };
		9D2DFA8340E55B33408F2891 /* Pods_Ipsma3Tests.framework */ = {isa = PBXFileReference; explicitFileType = wrapper.framework; includeInIndex = 0; path = Pods_Ipsma3Tests.framework; sourceTree = BUILT_PRODUCTS_DIR; };
		C62165C01D5854550036035F /* GoogleSignIn.swift */ = {isa = PBXFileReference; fileEncoding = 4; lastKnownFileType = sourcecode.swift; path = GoogleSignIn.swift; sourceTree = "<group>"; };
		C62165C21D590C980036035F /* UserData.swift */ = {isa = PBXFileReference; fileEncoding = 4; lastKnownFileType = sourcecode.swift; path = UserData.swift; sourceTree = "<group>"; };
		C62165C61D5A4AEA0036035F /* InvitationViewController.swift */ = {isa = PBXFileReference; fileEncoding = 4; lastKnownFileType = sourcecode.swift; name = InvitationViewController.swift; path = ../InvitationViewController.swift; sourceTree = "<group>"; };
		C628293D1D544D6C00CE070F /* Ipsma3.entitlements */ = {isa = PBXFileReference; lastKnownFileType = text.xml; path = Ipsma3.entitlements; sourceTree = "<group>"; };
		C66D33261D56C2C600AA922C /* GoogleService-Info.plist */ = {isa = PBXFileReference; fileEncoding = 4; lastKnownFileType = text.plist.xml; path = "GoogleService-Info.plist"; sourceTree = "<group>"; };
		C66D33281D57B7F100AA922C /* Ipsma3-Bridging-Header.h */ = {isa = PBXFileReference; lastKnownFileType = sourcecode.c.h; path = "Ipsma3-Bridging-Header.h"; sourceTree = "<group>"; };
		C66D33291D57B7F100AA922C /* IpsmaMFile.m */ = {isa = PBXFileReference; fileEncoding = 4; lastKnownFileType = sourcecode.c.objc; path = IpsmaMFile.m; sourceTree = "<group>"; };
		C6F434C31D51C126007AA603 /* Ipsma3.app */ = {isa = PBXFileReference; explicitFileType = wrapper.application; includeInIndex = 0; path = Ipsma3.app; sourceTree = BUILT_PRODUCTS_DIR; };
		C6F434C61D51C126007AA603 /* AppDelegate.swift */ = {isa = PBXFileReference; lastKnownFileType = sourcecode.swift; path = AppDelegate.swift; sourceTree = "<group>"; };
		C6F434C81D51C126007AA603 /* ViewController.swift */ = {isa = PBXFileReference; lastKnownFileType = sourcecode.swift; path = ViewController.swift; sourceTree = "<group>"; };
		C6F434CB1D51C126007AA603 /* Base */ = {isa = PBXFileReference; lastKnownFileType = file.storyboard; name = Base; path = Base.lproj/Main.storyboard; sourceTree = "<group>"; };
		C6F434CD1D51C126007AA603 /* Assets.xcassets */ = {isa = PBXFileReference; lastKnownFileType = folder.assetcatalog; path = Assets.xcassets; sourceTree = "<group>"; };
		C6F434D01D51C126007AA603 /* Base */ = {isa = PBXFileReference; lastKnownFileType = file.storyboard; name = Base; path = Base.lproj/LaunchScreen.storyboard; sourceTree = "<group>"; };
		C6F434D21D51C126007AA603 /* Info.plist */ = {isa = PBXFileReference; lastKnownFileType = text.plist.xml; path = Info.plist; sourceTree = "<group>"; };
		C6F434D71D51C126007AA603 /* Ipsma3Tests.xctest */ = {isa = PBXFileReference; explicitFileType = wrapper.cfbundle; includeInIndex = 0; path = Ipsma3Tests.xctest; sourceTree = BUILT_PRODUCTS_DIR; };
		C6F434DB1D51C126007AA603 /* Ipsma3Tests.swift */ = {isa = PBXFileReference; lastKnownFileType = sourcecode.swift; path = Ipsma3Tests.swift; sourceTree = "<group>"; };
		C6F434DD1D51C126007AA603 /* Info.plist */ = {isa = PBXFileReference; lastKnownFileType = text.plist.xml; path = Info.plist; sourceTree = "<group>"; };
		C6F434E21D51C126007AA603 /* Ipsma3UITests.xctest */ = {isa = PBXFileReference; explicitFileType = wrapper.cfbundle; includeInIndex = 0; path = Ipsma3UITests.xctest; sourceTree = BUILT_PRODUCTS_DIR; };
		C6F434E61D51C126007AA603 /* Ipsma3UITests.swift */ = {isa = PBXFileReference; lastKnownFileType = sourcecode.swift; path = Ipsma3UITests.swift; sourceTree = "<group>"; };
		C6F434E81D51C126007AA603 /* Info.plist */ = {isa = PBXFileReference; lastKnownFileType = text.plist.xml; path = Info.plist; sourceTree = "<group>"; };
		C6F434F41D51C2F0007AA603 /* CoreLocation.framework */ = {isa = PBXFileReference; lastKnownFileType = wrapper.framework; name = CoreLocation.framework; path = System/Library/Frameworks/CoreLocation.framework; sourceTree = SDKROOT; };
		C6F434F61D51C2F8007AA603 /* MapKit.framework */ = {isa = PBXFileReference; lastKnownFileType = wrapper.framework; name = MapKit.framework; path = System/Library/Frameworks/MapKit.framework; sourceTree = SDKROOT; };
		C6F434F81D51DCE0007AA603 /* America.gpx */ = {isa = PBXFileReference; fileEncoding = 4; lastKnownFileType = text.xml; path = America.gpx; sourceTree = "<group>"; };
		C6F434FA1D525D36007AA603 /* LocationSearchTable.swift */ = {isa = PBXFileReference; fileEncoding = 4; lastKnownFileType = sourcecode.swift; path = LocationSearchTable.swift; sourceTree = "<group>"; };
		D924A14C3B36525B1D3F2FA9 /* Pods_Ipsma3UITests.framework */ = {isa = PBXFileReference; explicitFileType = wrapper.framework; includeInIndex = 0; path = Pods_Ipsma3UITests.framework; sourceTree = BUILT_PRODUCTS_DIR; };
/* End PBXFileReference section */

/* Begin PBXFrameworksBuildPhase section */
		C6F434C01D51C126007AA603 /* Frameworks */ = {
			isa = PBXFrameworksBuildPhase;
			buildActionMask = 2147483647;
			files = (
				C6F434F71D51C2F8007AA603 /* MapKit.framework in Frameworks */,
				C6F434F51D51C2F0007AA603 /* CoreLocation.framework in Frameworks */,
				756DDF0B8D555C2E662FC54B /* Pods_Ipsma3.framework in Frameworks */,
			);
			runOnlyForDeploymentPostprocessing = 0;
		};
		C6F434D41D51C126007AA603 /* Frameworks */ = {
			isa = PBXFrameworksBuildPhase;
			buildActionMask = 2147483647;
			files = (
			);
			runOnlyForDeploymentPostprocessing = 0;
		};
		C6F434DF1D51C126007AA603 /* Frameworks */ = {
			isa = PBXFrameworksBuildPhase;
			buildActionMask = 2147483647;
			files = (
			);
			runOnlyForDeploymentPostprocessing = 0;
		};
/* End PBXFrameworksBuildPhase section */

/* Begin PBXGroup section */
		C6F434BA1D51C126007AA603 = {
			isa = PBXGroup;
			children = (
				C6F434C51D51C126007AA603 /* Ipsma3 */,
				C6F434DA1D51C126007AA603 /* Ipsma3Tests */,
				C6F434E51D51C126007AA603 /* Ipsma3UITests */,
				C6F434C41D51C126007AA603 /* Products */,
				F8C778CBF23C77A20A457299 /* Frameworks */,
				E778DBBCE651BE6690E479FF /* Pods */,
			);
			sourceTree = "<group>";
		};
		C6F434C41D51C126007AA603 /* Products */ = {
			isa = PBXGroup;
			children = (
				C6F434C31D51C126007AA603 /* Ipsma3.app */,
				C6F434D71D51C126007AA603 /* Ipsma3Tests.xctest */,
				C6F434E21D51C126007AA603 /* Ipsma3UITests.xctest */,
			);
			name = Products;
			sourceTree = "<group>";
		};
		C6F434C51D51C126007AA603 /* Ipsma3 */ = {
			isa = PBXGroup;
			children = (
				C628293D1D544D6C00CE070F /* Ipsma3.entitlements */,
				C6F434F81D51DCE0007AA603 /* America.gpx */,
				C6F434C61D51C126007AA603 /* AppDelegate.swift */,
				C62165C21D590C980036035F /* UserData.swift */,
				C6F434C81D51C126007AA603 /* ViewController.swift */,
				C6F434FA1D525D36007AA603 /* LocationSearchTable.swift */,
				C62165C01D5854550036035F /* GoogleSignIn.swift */,
				C62165C61D5A4AEA0036035F /* InvitationViewController.swift */,
				C6F434CA1D51C126007AA603 /* Main.storyboard */,
				C66D33291D57B7F100AA922C /* IpsmaMFile.m */,
				C6F434CD1D51C126007AA603 /* Assets.xcassets */,
				C6F434CF1D51C126007AA603 /* LaunchScreen.storyboard */,
				C6F434D21D51C126007AA603 /* Info.plist */,
				C66D33261D56C2C600AA922C /* GoogleService-Info.plist */,
				C66D33281D57B7F100AA922C /* Ipsma3-Bridging-Header.h */,
			);
			path = Ipsma3;
			sourceTree = "<group>";
		};
		C6F434DA1D51C126007AA603 /* Ipsma3Tests */ = {
			isa = PBXGroup;
			children = (
				C6F434DB1D51C126007AA603 /* Ipsma3Tests.swift */,
				C6F434DD1D51C126007AA603 /* Info.plist */,
			);
			path = Ipsma3Tests;
			sourceTree = "<group>";
		};
		C6F434E51D51C126007AA603 /* Ipsma3UITests */ = {
			isa = PBXGroup;
			children = (
				C6F434E61D51C126007AA603 /* Ipsma3UITests.swift */,
				C6F434E81D51C126007AA603 /* Info.plist */,
			);
			path = Ipsma3UITests;
			sourceTree = "<group>";
		};
		E778DBBCE651BE6690E479FF /* Pods */ = {
			isa = PBXGroup;
			children = (
				5BB4F898D97EDB76F79EC126 /* Pods-Ipsma3.debug.xcconfig */,
				1823AA79B7EC4A06F1507AEE /* Pods-Ipsma3.release.xcconfig */,
			);
			name = Pods;
			sourceTree = "<group>";
		};
		F8C778CBF23C77A20A457299 /* Frameworks */ = {
			isa = PBXGroup;
			children = (
				C6F434F41D51C2F0007AA603 /* CoreLocation.framework */,
				C6F434F61D51C2F8007AA603 /* MapKit.framework */,
				2EA5C1A6462B6798D2049D64 /* Pods_Ipsma3.framework */,
				9D2DFA8340E55B33408F2891 /* Pods_Ipsma3Tests.framework */,
				D924A14C3B36525B1D3F2FA9 /* Pods_Ipsma3UITests.framework */,
			);
			name = Frameworks;
			sourceTree = "<group>";
		};
/* End PBXGroup section */

/* Begin PBXNativeTarget section */
		C6F434C21D51C126007AA603 /* Ipsma3 */ = {
			isa = PBXNativeTarget;
			buildConfigurationList = C6F434EB1D51C126007AA603 /* Build configuration list for PBXNativeTarget "Ipsma3" */;
			buildPhases = (
				5276122412D38C2ABD95AF61 /* [CP] Check Pods Manifest.lock */,
				C6F434BF1D51C126007AA603 /* Sources */,
				C6F434C01D51C126007AA603 /* Frameworks */,
				C6F434C11D51C126007AA603 /* Resources */,
				A4F129C58902C29E8D35A668 /* [CP] Embed Pods Frameworks */,
				8EFF979E5066B832251EAB26 /* [CP] Copy Pods Resources */,
			);
			buildRules = (
			);
			dependencies = (
			);
			name = Ipsma3;
			productName = Ipsma3;
			productReference = C6F434C31D51C126007AA603 /* Ipsma3.app */;
			productType = "com.apple.product-type.application";
		};
		C6F434D61D51C126007AA603 /* Ipsma3Tests */ = {
			isa = PBXNativeTarget;
			buildConfigurationList = C6F434EE1D51C126007AA603 /* Build configuration list for PBXNativeTarget "Ipsma3Tests" */;
			buildPhases = (
				FC700437B4C5DEE8C9FEEE36 /* [CP] Check Pods Manifest.lock */,
				C6F434D31D51C126007AA603 /* Sources */,
				C6F434D41D51C126007AA603 /* Frameworks */,
				C6F434D51D51C126007AA603 /* Resources */,
				993B8974E00161D5426D4C34 /* [CP] Embed Pods Frameworks */,
				79BC1597614502D70DD9747F /* [CP] Copy Pods Resources */,
			);
			buildRules = (
			);
			dependencies = (
				C6F434D91D51C126007AA603 /* PBXTargetDependency */,
			);
			name = Ipsma3Tests;
			productName = Ipsma3Tests;
			productReference = C6F434D71D51C126007AA603 /* Ipsma3Tests.xctest */;
			productType = "com.apple.product-type.bundle.unit-test";
		};
		C6F434E11D51C126007AA603 /* Ipsma3UITests */ = {
			isa = PBXNativeTarget;
			buildConfigurationList = C6F434F11D51C126007AA603 /* Build configuration list for PBXNativeTarget "Ipsma3UITests" */;
			buildPhases = (
				F326E525219DBB227DEF486A /* [CP] Check Pods Manifest.lock */,
				C6F434DE1D51C126007AA603 /* Sources */,
				C6F434DF1D51C126007AA603 /* Frameworks */,
				C6F434E01D51C126007AA603 /* Resources */,
				812E721FF4E8955E821EC131 /* [CP] Copy Pods Resources */,
			);
			buildRules = (
			);
			dependencies = (
				C6F434E41D51C126007AA603 /* PBXTargetDependency */,
			);
			name = Ipsma3UITests;
			productName = Ipsma3UITests;
			productReference = C6F434E21D51C126007AA603 /* Ipsma3UITests.xctest */;
			productType = "com.apple.product-type.bundle.ui-testing";
		};
/* End PBXNativeTarget section */

/* Begin PBXProject section */
		C6F434BB1D51C126007AA603 /* Project object */ = {
			isa = PBXProject;
			attributes = {
				LastSwiftUpdateCheck = 0730;
				LastUpgradeCheck = 0730;
				ORGANIZATIONNAME = "Buka Cakrawala";
				TargetAttributes = {
					C6F434C21D51C126007AA603 = {
						CreatedOnToolsVersion = 7.3.1;
						DevelopmentTeam = T9R33YRSR8;
						LastSwiftMigration = 0800;
						SystemCapabilities = {
							com.apple.Keychain = {
								enabled = 0;
							};
							com.apple.SafariKeychain = {
								enabled = 1;
							};
						};
					};
					C6F434D61D51C126007AA603 = {
						CreatedOnToolsVersion = 7.3.1;
						TestTargetID = C6F434C21D51C126007AA603;
					};
					C6F434E11D51C126007AA603 = {
						CreatedOnToolsVersion = 7.3.1;
						TestTargetID = C6F434C21D51C126007AA603;
					};
				};
			};
			buildConfigurationList = C6F434BE1D51C126007AA603 /* Build configuration list for PBXProject "Ipsma3" */;
			compatibilityVersion = "Xcode 3.2";
			developmentRegion = English;
			hasScannedForEncodings = 0;
			knownRegions = (
				en,
				Base,
			);
			mainGroup = C6F434BA1D51C126007AA603;
			productRefGroup = C6F434C41D51C126007AA603 /* Products */;
			projectDirPath = "";
			projectRoot = "";
			targets = (
				C6F434C21D51C126007AA603 /* Ipsma3 */,
				C6F434D61D51C126007AA603 /* Ipsma3Tests */,
				C6F434E11D51C126007AA603 /* Ipsma3UITests */,
			);
		};
/* End PBXProject section */

/* Begin PBXResourcesBuildPhase section */
		C6F434C11D51C126007AA603 /* Resources */ = {
			isa = PBXResourcesBuildPhase;
			buildActionMask = 2147483647;
			files = (
				C6F434D11D51C126007AA603 /* LaunchScreen.storyboard in Resources */,
				C6F434CE1D51C126007AA603 /* Assets.xcassets in Resources */,
				C6F434F91D51DCE0007AA603 /* America.gpx in Resources */,
				C66D33271D56C2C600AA922C /* GoogleService-Info.plist in Resources */,
				C6F434CC1D51C126007AA603 /* Main.storyboard in Resources */,
			);
			runOnlyForDeploymentPostprocessing = 0;
		};
		C6F434D51D51C126007AA603 /* Resources */ = {
			isa = PBXResourcesBuildPhase;
			buildActionMask = 2147483647;
			files = (
			);
			runOnlyForDeploymentPostprocessing = 0;
		};
		C6F434E01D51C126007AA603 /* Resources */ = {
			isa = PBXResourcesBuildPhase;
			buildActionMask = 2147483647;
			files = (
			);
			runOnlyForDeploymentPostprocessing = 0;
		};
/* End PBXResourcesBuildPhase section */

/* Begin PBXShellScriptBuildPhase section */
		5276122412D38C2ABD95AF61 /* [CP] Check Pods Manifest.lock */ = {
			isa = PBXShellScriptBuildPhase;
			buildActionMask = 2147483647;
			files = (
			);
			inputPaths = (
			);
			name = "[CP] Check Pods Manifest.lock";
			outputPaths = (
			);
			runOnlyForDeploymentPostprocessing = 0;
			shellPath = /bin/sh;
			shellScript = "diff \"${PODS_ROOT}/../Podfile.lock\" \"${PODS_ROOT}/Manifest.lock\" > /dev/null\nif [[ $? != 0 ]] ; then\n    cat << EOM\nerror: The sandbox is not in sync with the Podfile.lock. Run 'pod install' or update your CocoaPods installation.\nEOM\n    exit 1\nfi\n";
			showEnvVarsInLog = 0;
		};
		79BC1597614502D70DD9747F /* [CP] Copy Pods Resources */ = {
			isa = PBXShellScriptBuildPhase;
			buildActionMask = 2147483647;
			files = (
			);
			inputPaths = (
			);
			name = "[CP] Copy Pods Resources";
			outputPaths = (
			);
			runOnlyForDeploymentPostprocessing = 0;
			shellPath = /bin/sh;
			shellScript = "\"${SRCROOT}/Pods/Target Support Files/Pods-Ipsma3Tests/Pods-Ipsma3Tests-resources.sh\"\n";
			showEnvVarsInLog = 0;
		};
		812E721FF4E8955E821EC131 /* [CP] Copy Pods Resources */ = {
			isa = PBXShellScriptBuildPhase;
			buildActionMask = 2147483647;
			files = (
			);
			inputPaths = (
			);
			name = "[CP] Copy Pods Resources";
			outputPaths = (
			);
			runOnlyForDeploymentPostprocessing = 0;
			shellPath = /bin/sh;
			shellScript = "\"${SRCROOT}/Pods/Target Support Files/Pods-Ipsma3UITests/Pods-Ipsma3UITests-resources.sh\"\n";
			showEnvVarsInLog = 0;
		};
		8EFF979E5066B832251EAB26 /* [CP] Copy Pods Resources */ = {
			isa = PBXShellScriptBuildPhase;
			buildActionMask = 2147483647;
			files = (
			);
			inputPaths = (
			);
			name = "[CP] Copy Pods Resources";
			outputPaths = (
			);
			runOnlyForDeploymentPostprocessing = 0;
			shellPath = /bin/sh;
			shellScript = "\"${SRCROOT}/Pods/Target Support Files/Pods-Ipsma3/Pods-Ipsma3-resources.sh\"\n";
			showEnvVarsInLog = 0;
		};
		993B8974E00161D5426D4C34 /* [CP] Embed Pods Frameworks */ = {
			isa = PBXShellScriptBuildPhase;
			buildActionMask = 2147483647;
			files = (
			);
			inputPaths = (
			);
			name = "[CP] Embed Pods Frameworks";
			outputPaths = (
			);
			runOnlyForDeploymentPostprocessing = 0;
			shellPath = /bin/sh;
			shellScript = "\"${SRCROOT}/Pods/Target Support Files/Pods-Ipsma3Tests/Pods-Ipsma3Tests-frameworks.sh\"\n";
			showEnvVarsInLog = 0;
		};
		A4F129C58902C29E8D35A668 /* [CP] Embed Pods Frameworks */ = {
			isa = PBXShellScriptBuildPhase;
			buildActionMask = 2147483647;
			files = (
			);
			inputPaths = (
			);
			name = "[CP] Embed Pods Frameworks";
			outputPaths = (
			);
			runOnlyForDeploymentPostprocessing = 0;
			shellPath = /bin/sh;
			shellScript = "\"${SRCROOT}/Pods/Target Support Files/Pods-Ipsma3/Pods-Ipsma3-frameworks.sh\"\n";
			showEnvVarsInLog = 0;
		};
		F326E525219DBB227DEF486A /* [CP] Check Pods Manifest.lock */ = {
			isa = PBXShellScriptBuildPhase;
			buildActionMask = 2147483647;
			files = (
			);
			inputPaths = (
			);
			name = "[CP] Check Pods Manifest.lock";
			outputPaths = (
			);
			runOnlyForDeploymentPostprocessing = 0;
			shellPath = /bin/sh;
			shellScript = "diff \"${PODS_ROOT}/../Podfile.lock\" \"${PODS_ROOT}/Manifest.lock\" > /dev/null\nif [[ $? != 0 ]] ; then\n    cat << EOM\nerror: The sandbox is not in sync with the Podfile.lock. Run 'pod install' or update your CocoaPods installation.\nEOM\n    exit 1\nfi\n";
			showEnvVarsInLog = 0;
		};
		FC700437B4C5DEE8C9FEEE36 /* [CP] Check Pods Manifest.lock */ = {
			isa = PBXShellScriptBuildPhase;
			buildActionMask = 2147483647;
			files = (
			);
			inputPaths = (
			);
			name = "[CP] Check Pods Manifest.lock";
			outputPaths = (
			);
			runOnlyForDeploymentPostprocessing = 0;
			shellPath = /bin/sh;
			shellScript = "diff \"${PODS_ROOT}/../Podfile.lock\" \"${PODS_ROOT}/Manifest.lock\" > /dev/null\nif [[ $? != 0 ]] ; then\n    cat << EOM\nerror: The sandbox is not in sync with the Podfile.lock. Run 'pod install' or update your CocoaPods installation.\nEOM\n    exit 1\nfi\n";
			showEnvVarsInLog = 0;
		};
/* End PBXShellScriptBuildPhase section */

/* Begin PBXSourcesBuildPhase section */
		C6F434BF1D51C126007AA603 /* Sources */ = {
			isa = PBXSourcesBuildPhase;
			buildActionMask = 2147483647;
			files = (
				C62165C71D5A4AEA0036035F /* InvitationViewController.swift in Sources */,
				C62165C31D590C980036035F /* UserData.swift in Sources */,
				C62165C11D5854550036035F /* GoogleSignIn.swift in Sources */,
				C6F434FB1D525D36007AA603 /* LocationSearchTable.swift in Sources */,
				C6F434C91D51C126007AA603 /* ViewController.swift in Sources */,
				C66D332A1D57B7F100AA922C /* IpsmaMFile.m in Sources */,
				C6F434C71D51C126007AA603 /* AppDelegate.swift in Sources */,
			);
			runOnlyForDeploymentPostprocessing = 0;
		};
		C6F434D31D51C126007AA603 /* Sources */ = {
			isa = PBXSourcesBuildPhase;
			buildActionMask = 2147483647;
			files = (
				C6F434DC1D51C126007AA603 /* Ipsma3Tests.swift in Sources */,
			);
			runOnlyForDeploymentPostprocessing = 0;
		};
		C6F434DE1D51C126007AA603 /* Sources */ = {
			isa = PBXSourcesBuildPhase;
			buildActionMask = 2147483647;
			files = (
				C6F434E71D51C126007AA603 /* Ipsma3UITests.swift in Sources */,
			);
			runOnlyForDeploymentPostprocessing = 0;
		};
/* End PBXSourcesBuildPhase section */

/* Begin PBXTargetDependency section */
		C6F434D91D51C126007AA603 /* PBXTargetDependency */ = {
			isa = PBXTargetDependency;
			target = C6F434C21D51C126007AA603 /* Ipsma3 */;
			targetProxy = C6F434D81D51C126007AA603 /* PBXContainerItemProxy */;
		};
		C6F434E41D51C126007AA603 /* PBXTargetDependency */ = {
			isa = PBXTargetDependency;
			target = C6F434C21D51C126007AA603 /* Ipsma3 */;
			targetProxy = C6F434E31D51C126007AA603 /* PBXContainerItemProxy */;
		};
/* End PBXTargetDependency section */

/* Begin PBXVariantGroup section */
		C6F434CA1D51C126007AA603 /* Main.storyboard */ = {
			isa = PBXVariantGroup;
			children = (
				C6F434CB1D51C126007AA603 /* Base */,
			);
			name = Main.storyboard;
			sourceTree = "<group>";
		};
		C6F434CF1D51C126007AA603 /* LaunchScreen.storyboard */ = {
			isa = PBXVariantGroup;
			children = (
				C6F434D01D51C126007AA603 /* Base */,
			);
			name = LaunchScreen.storyboard;
			sourceTree = "<group>";
		};
/* End PBXVariantGroup section */

/* Begin XCBuildConfiguration section */
		C6F434E91D51C126007AA603 /* Debug */ = {
			isa = XCBuildConfiguration;
			buildSettings = {
				ALWAYS_SEARCH_USER_PATHS = NO;
				CLANG_ANALYZER_NONNULL = YES;
				CLANG_CXX_LANGUAGE_STANDARD = "gnu++0x";
				CLANG_CXX_LIBRARY = "libc++";
				CLANG_ENABLE_MODULES = YES;
				CLANG_ENABLE_OBJC_ARC = YES;
				CLANG_WARN_BOOL_CONVERSION = YES;
				CLANG_WARN_CONSTANT_CONVERSION = YES;
				CLANG_WARN_DIRECT_OBJC_ISA_USAGE = YES_ERROR;
				CLANG_WARN_EMPTY_BODY = YES;
				CLANG_WARN_ENUM_CONVERSION = YES;
				CLANG_WARN_INT_CONVERSION = YES;
				CLANG_WARN_OBJC_ROOT_CLASS = YES_ERROR;
				CLANG_WARN_UNREACHABLE_CODE = YES;
				CLANG_WARN__DUPLICATE_METHOD_MATCH = YES;
				"CODE_SIGN_IDENTITY[sdk=iphoneos*]" = "iPhone Developer";
				COPY_PHASE_STRIP = NO;
				DEBUG_INFORMATION_FORMAT = dwarf;
				ENABLE_STRICT_OBJC_MSGSEND = YES;
				ENABLE_TESTABILITY = YES;
				GCC_C_LANGUAGE_STANDARD = gnu99;
				GCC_DYNAMIC_NO_PIC = NO;
				GCC_NO_COMMON_BLOCKS = YES;
				GCC_OPTIMIZATION_LEVEL = 0;
				GCC_PREPROCESSOR_DEFINITIONS = (
					"DEBUG=1",
					"$(inherited)",
				);
				GCC_WARN_64_TO_32_BIT_CONVERSION = YES;
				GCC_WARN_ABOUT_RETURN_TYPE = YES_ERROR;
				GCC_WARN_UNDECLARED_SELECTOR = YES;
				GCC_WARN_UNINITIALIZED_AUTOS = YES_AGGRESSIVE;
				GCC_WARN_UNUSED_FUNCTION = YES;
				GCC_WARN_UNUSED_VARIABLE = YES;
				IPHONEOS_DEPLOYMENT_TARGET = 9.3;
				MTL_ENABLE_DEBUG_INFO = YES;
				ONLY_ACTIVE_ARCH = YES;
				SDKROOT = iphoneos;
				SWIFT_OPTIMIZATION_LEVEL = "-Onone";
			};
			name = Debug;
		};
		C6F434EA1D51C126007AA603 /* Release */ = {
			isa = XCBuildConfiguration;
			buildSettings = {
				ALWAYS_SEARCH_USER_PATHS = NO;
				CLANG_ANALYZER_NONNULL = YES;
				CLANG_CXX_LANGUAGE_STANDARD = "gnu++0x";
				CLANG_CXX_LIBRARY = "libc++";
				CLANG_ENABLE_MODULES = YES;
				CLANG_ENABLE_OBJC_ARC = YES;
				CLANG_WARN_BOOL_CONVERSION = YES;
				CLANG_WARN_CONSTANT_CONVERSION = YES;
				CLANG_WARN_DIRECT_OBJC_ISA_USAGE = YES_ERROR;
				CLANG_WARN_EMPTY_BODY = YES;
				CLANG_WARN_ENUM_CONVERSION = YES;
				CLANG_WARN_INT_CONVERSION = YES;
				CLANG_WARN_OBJC_ROOT_CLASS = YES_ERROR;
				CLANG_WARN_UNREACHABLE_CODE = YES;
				CLANG_WARN__DUPLICATE_METHOD_MATCH = YES;
				"CODE_SIGN_IDENTITY[sdk=iphoneos*]" = "iPhone Developer";
				COPY_PHASE_STRIP = NO;
				DEBUG_INFORMATION_FORMAT = "dwarf-with-dsym";
				ENABLE_NS_ASSERTIONS = NO;
				ENABLE_STRICT_OBJC_MSGSEND = YES;
				GCC_C_LANGUAGE_STANDARD = gnu99;
				GCC_NO_COMMON_BLOCKS = YES;
				GCC_WARN_64_TO_32_BIT_CONVERSION = YES;
				GCC_WARN_ABOUT_RETURN_TYPE = YES_ERROR;
				GCC_WARN_UNDECLARED_SELECTOR = YES;
				GCC_WARN_UNINITIALIZED_AUTOS = YES_AGGRESSIVE;
				GCC_WARN_UNUSED_FUNCTION = YES;
				GCC_WARN_UNUSED_VARIABLE = YES;
				IPHONEOS_DEPLOYMENT_TARGET = 9.3;
				MTL_ENABLE_DEBUG_INFO = NO;
				SDKROOT = iphoneos;
				VALIDATE_PRODUCT = YES;
			};
			name = Release;
		};
		C6F434EC1D51C126007AA603 /* Debug */ = {
			isa = XCBuildConfiguration;
			baseConfigurationReference = 5BB4F898D97EDB76F79EC126 /* Pods-Ipsma3.debug.xcconfig */;
			buildSettings = {
				ASSETCATALOG_COMPILER_APPICON_NAME = AppIcon;
				CLANG_ENABLE_MODULES = YES;
				CODE_SIGN_ENTITLEMENTS = Ipsma3/Ipsma3.entitlements;
				CODE_SIGN_IDENTITY = "iPhone Developer";
				"CODE_SIGN_IDENTITY[sdk=iphoneos*]" = "iPhone Developer";
				FRAMEWORK_SEARCH_PATHS = (
					"$(inherited)",
					"$(PROJECT_DIR)/Ipsma3",
				);
				INFOPLIST_FILE = Ipsma3/Info.plist;
				LD_RUNPATH_SEARCH_PATHS = "$(inherited) @executable_path/Frameworks";
				PRODUCT_BUNDLE_IDENTIFIER = "com.Cakrawala-Ipsma.Ipsma3";
				PRODUCT_NAME = "$(TARGET_NAME)";
				PROVISIONING_PROFILE = "";
				SWIFT_OBJC_BRIDGING_HEADER = "Ipsma3/Ipsma3-Bridging-Header.h";
				SWIFT_OPTIMIZATION_LEVEL = "-Onone";
				SWIFT_VERSION = 3.0;
			};
			name = Debug;
		};
		C6F434ED1D51C126007AA603 /* Release */ = {
			isa = XCBuildConfiguration;
			baseConfigurationReference = 1823AA79B7EC4A06F1507AEE /* Pods-Ipsma3.release.xcconfig */;
			buildSettings = {
				ASSETCATALOG_COMPILER_APPICON_NAME = AppIcon;
				CLANG_ENABLE_MODULES = YES;
				CODE_SIGN_ENTITLEMENTS = Ipsma3/Ipsma3.entitlements;
				CODE_SIGN_IDENTITY = "iPhone Developer";
				"CODE_SIGN_IDENTITY[sdk=iphoneos*]" = "iPhone Developer";
				FRAMEWORK_SEARCH_PATHS = (
					"$(inherited)",
					"$(PROJECT_DIR)/Ipsma3",
				);
				INFOPLIST_FILE = Ipsma3/Info.plist;
				LD_RUNPATH_SEARCH_PATHS = "$(inherited) @executable_path/Frameworks";
				PRODUCT_BUNDLE_IDENTIFIER = "com.Cakrawala-Ipsma.Ipsma3";
				PRODUCT_NAME = "$(TARGET_NAME)";
				PROVISIONING_PROFILE = "";
				SWIFT_OBJC_BRIDGING_HEADER = "Ipsma3/Ipsma3-Bridging-Header.h";
				SWIFT_VERSION = 3.0;
			};
			name = Release;
		};
		C6F434EF1D51C126007AA603 /* Debug */ = {
			isa = XCBuildConfiguration;
			buildSettings = {
				BUNDLE_LOADER = "$(TEST_HOST)";
				INFOPLIST_FILE = Ipsma3Tests/Info.plist;
				LD_RUNPATH_SEARCH_PATHS = "$(inherited) @executable_path/Frameworks @loader_path/Frameworks";
				PRODUCT_BUNDLE_IDENTIFIER = "Buka-Cakrawala.Ipsma3Tests";
				PRODUCT_NAME = "$(TARGET_NAME)";
				TEST_HOST = "$(BUILT_PRODUCTS_DIR)/Ipsma3.app/Ipsma3";
			};
			name = Debug;
		};
		C6F434F01D51C126007AA603 /* Release */ = {
			isa = XCBuildConfiguration;
			buildSettings = {
				BUNDLE_LOADER = "$(TEST_HOST)";
				INFOPLIST_FILE = Ipsma3Tests/Info.plist;
				LD_RUNPATH_SEARCH_PATHS = "$(inherited) @executable_path/Frameworks @loader_path/Frameworks";
				PRODUCT_BUNDLE_IDENTIFIER = "Buka-Cakrawala.Ipsma3Tests";
				PRODUCT_NAME = "$(TARGET_NAME)";
				TEST_HOST = "$(BUILT_PRODUCTS_DIR)/Ipsma3.app/Ipsma3";
			};
			name = Release;
		};
		C6F434F21D51C126007AA603 /* Debug */ = {
			isa = XCBuildConfiguration;
			buildSettings = {
				INFOPLIST_FILE = Ipsma3UITests/Info.plist;
				LD_RUNPATH_SEARCH_PATHS = "$(inherited) @executable_path/Frameworks @loader_path/Frameworks";
				PRODUCT_BUNDLE_IDENTIFIER = "Buka-Cakrawala.Ipsma3UITests";
				PRODUCT_NAME = "$(TARGET_NAME)";
				TEST_TARGET_NAME = Ipsma3;
			};
			name = Debug;
		};
		C6F434F31D51C126007AA603 /* Release */ = {
			isa = XCBuildConfiguration;
			buildSettings = {
				INFOPLIST_FILE = Ipsma3UITests/Info.plist;
				LD_RUNPATH_SEARCH_PATHS = "$(inherited) @executable_path/Frameworks @loader_path/Frameworks";
				PRODUCT_BUNDLE_IDENTIFIER = "Buka-Cakrawala.Ipsma3UITests";
				PRODUCT_NAME = "$(TARGET_NAME)";
				TEST_TARGET_NAME = Ipsma3;
			};
			name = Release;
		};
/* End XCBuildConfiguration section */

/* Begin XCConfigurationList section */
		C6F434BE1D51C126007AA603 /* Build configuration list for PBXProject "Ipsma3" */ = {
			isa = XCConfigurationList;
			buildConfigurations = (
				C6F434E91D51C126007AA603 /* Debug */,
				C6F434EA1D51C126007AA603 /* Release */,
			);
			defaultConfigurationIsVisible = 0;
			defaultConfigurationName = Release;
		};
		C6F434EB1D51C126007AA603 /* Build configuration list for PBXNativeTarget "Ipsma3" */ = {
			isa = XCConfigurationList;
			buildConfigurations = (
				C6F434EC1D51C126007AA603 /* Debug */,
				C6F434ED1D51C126007AA603 /* Release */,
			);
			defaultConfigurationIsVisible = 0;
			defaultConfigurationName = Release;
		};
		C6F434EE1D51C126007AA603 /* Build configuration list for PBXNativeTarget "Ipsma3Tests" */ = {
			isa = XCConfigurationList;
			buildConfigurations = (
				C6F434EF1D51C126007AA603 /* Debug */,
				C6F434F01D51C126007AA603 /* Release */,
			);
			defaultConfigurationIsVisible = 0;
			defaultConfigurationName = Release;
		};
		C6F434F11D51C126007AA603 /* Build configuration list for PBXNativeTarget "Ipsma3UITests" */ = {
			isa = XCConfigurationList;
			buildConfigurations = (
				C6F434F21D51C126007AA603 /* Debug */,
				C6F434F31D51C126007AA603 /* Release */,
			);
			defaultConfigurationIsVisible = 0;
			defaultConfigurationName = Release;
		};
/* End XCConfigurationList section */
	};
	rootObject = C6F434BB1D51C126007AA603 /* Project object */;
}
